// !$*UTF8*$!
{
	archiveVersion = 1;
	classes = {
	};
	objectVersion = 51;
	objects = {

/* Begin PBXBuildFile section */
		601DC1B9231D922300004C4B /* AppDelegate.swift in Sources */ = {isa = PBXBuildFile; fileRef = 601DC1B8231D922300004C4B /* AppDelegate.swift */; };
		601DC1BB231D922300004C4B /* ViewController.swift in Sources */ = {isa = PBXBuildFile; fileRef = 601DC1BA231D922300004C4B /* ViewController.swift */; };
		601DC1BE231D922300004C4B /* Main.storyboard in Resources */ = {isa = PBXBuildFile; fileRef = 601DC1BC231D922300004C4B /* Main.storyboard */; };
		601DC1C1231D922300004C4B /* WomanLikeME.xcdatamodeld in Sources */ = {isa = PBXBuildFile; fileRef = 601DC1BF231D922300004C4B /* WomanLikeME.xcdatamodeld */; };
		601DC1C3231D922400004C4B /* Assets.xcassets in Resources */ = {isa = PBXBuildFile; fileRef = 601DC1C2231D922400004C4B /* Assets.xcassets */; };
		601DC1C6231D922400004C4B /* LaunchScreen.storyboard in Resources */ = {isa = PBXBuildFile; fileRef = 601DC1C4231D922400004C4B /* LaunchScreen.storyboard */; };
		601DC1D1231D922500004C4B /* WomanLikeMETests.swift in Sources */ = {isa = PBXBuildFile; fileRef = 601DC1D0231D922500004C4B /* WomanLikeMETests.swift */; };
		601DC1DC231D922500004C4B /* WomanLikeMEUITests.swift in Sources */ = {isa = PBXBuildFile; fileRef = 601DC1DB231D922500004C4B /* WomanLikeMEUITests.swift */; };
		601DC1EA231D927E00004C4B /* File in Resources */ = {isa = PBXBuildFile; fileRef = 601DC1E9231D927E00004C4B /* File */; };
		606A6E04231ED29500109063 /* Woman.swift in Sources */ = {isa = PBXBuildFile; fileRef = 606A6E03231ED29500109063 /* Woman.swift */; };
		606A6E05231ED29500109063 /* Woman.swift in Sources */ = {isa = PBXBuildFile; fileRef = 606A6E03231ED29500109063 /* Woman.swift */; };
		606A6E07231ED74A00109063 /* HomeViewController.swift in Sources */ = {isa = PBXBuildFile; fileRef = 606A6E06231ED74A00109063 /* HomeViewController.swift */; };
		606A6E08231ED74A00109063 /* HomeViewController.swift in Sources */ = {isa = PBXBuildFile; fileRef = 606A6E06231ED74A00109063 /* HomeViewController.swift */; };
		606A6E0A231EDCAE00109063 /* User.swift in Sources */ = {isa = PBXBuildFile; fileRef = 606A6E09231EDCAE00109063 /* User.swift */; };
		606A6E0B231EDCAE00109063 /* User.swift in Sources */ = {isa = PBXBuildFile; fileRef = 606A6E09231EDCAE00109063 /* User.swift */; };
		606A6E10231EF4E400109063 /* MainPresenter.swift in Sources */ = {isa = PBXBuildFile; fileRef = 606A6E0F231EF4E400109063 /* MainPresenter.swift */; };
		606A6E11231EF4E400109063 /* MainPresenter.swift in Sources */ = {isa = PBXBuildFile; fileRef = 606A6E0F231EF4E400109063 /* MainPresenter.swift */; };
		606A6E14231EFD7500109063 /* HomeViewProtocol.swift in Sources */ = {isa = PBXBuildFile; fileRef = 606A6E13231EFD7500109063 /* HomeViewProtocol.swift */; };
		606A6E15231EFD7500109063 /* HomeViewProtocol.swift in Sources */ = {isa = PBXBuildFile; fileRef = 606A6E13231EFD7500109063 /* HomeViewProtocol.swift */; };
		688E315123203D2F00D9B581 /* ReadingPList.swift in Sources */ = {isa = PBXBuildFile; fileRef = 688E315023203D2F00D9B581 /* ReadingPList.swift */; };
		68C02C58232027D700396391 /* WomanLikeME.plist in Resources */ = {isa = PBXBuildFile; fileRef = 68C02C57232027D700396391 /* WomanLikeME.plist */; };
		7415A6472175269B9FC0D9F2 /* Pods_WomanLikeMETests.framework in Frameworks */ = {isa = PBXBuildFile; fileRef = C69241AC0D6DBBFF7B6B36E8 /* Pods_WomanLikeMETests.framework */; };
		8707E0E322F6D682D25D9656 /* Pods_WomanLikeME.framework in Frameworks */ = {isa = PBXBuildFile; fileRef = 6A17436102C0820A823ECCB3 /* Pods_WomanLikeME.framework */; };
		DF024B2FDF231C9F060F08B2 /* Pods_WomanLikeMEUITests.framework in Frameworks */ = {isa = PBXBuildFile; fileRef = 2A8C1C80B1F820CDBEAD04D3 /* Pods_WomanLikeMEUITests.framework */; };
/* End PBXBuildFile section */

/* Begin PBXContainerItemProxy section */
		601DC1CD231D922500004C4B /* PBXContainerItemProxy */ = {
			isa = PBXContainerItemProxy;
			containerPortal = 601DC1AD231D922300004C4B /* Project object */;
			proxyType = 1;
			remoteGlobalIDString = 601DC1B4231D922300004C4B;
			remoteInfo = WomanLikeME;
		};
		601DC1D8231D922500004C4B /* PBXContainerItemProxy */ = {
			isa = PBXContainerItemProxy;
			containerPortal = 601DC1AD231D922300004C4B /* Project object */;
			proxyType = 1;
			remoteGlobalIDString = 601DC1B4231D922300004C4B;
			remoteInfo = WomanLikeME;
		};
/* End PBXContainerItemProxy section */

/* Begin PBXFileReference section */
		0BBA84418C3B27FB4F3539BD /* Pods-WomanLikeMETests.release.xcconfig */ = {isa = PBXFileReference; includeInIndex = 1; lastKnownFileType = text.xcconfig; name = "Pods-WomanLikeMETests.release.xcconfig"; path = "Target Support Files/Pods-WomanLikeMETests/Pods-WomanLikeMETests.release.xcconfig"; sourceTree = "<group>"; };
		2A8C1C80B1F820CDBEAD04D3 /* Pods_WomanLikeMEUITests.framework */ = {isa = PBXFileReference; explicitFileType = wrapper.framework; includeInIndex = 0; path = Pods_WomanLikeMEUITests.framework; sourceTree = BUILT_PRODUCTS_DIR; };
		601DC1B5231D922300004C4B /* WomanLikeME.app */ = {isa = PBXFileReference; explicitFileType = wrapper.application; includeInIndex = 0; path = WomanLikeME.app; sourceTree = BUILT_PRODUCTS_DIR; };
		601DC1B8231D922300004C4B /* AppDelegate.swift */ = {isa = PBXFileReference; lastKnownFileType = sourcecode.swift; path = AppDelegate.swift; sourceTree = "<group>"; };
		601DC1BA231D922300004C4B /* ViewController.swift */ = {isa = PBXFileReference; lastKnownFileType = sourcecode.swift; path = ViewController.swift; sourceTree = "<group>"; };
		601DC1BD231D922300004C4B /* Base */ = {isa = PBXFileReference; lastKnownFileType = file.storyboard; name = Base; path = Base.lproj/Main.storyboard; sourceTree = "<group>"; };
		601DC1C0231D922300004C4B /* WomanLikeME.xcdatamodel */ = {isa = PBXFileReference; lastKnownFileType = wrapper.xcdatamodel; path = WomanLikeME.xcdatamodel; sourceTree = "<group>"; };
		601DC1C2231D922400004C4B /* Assets.xcassets */ = {isa = PBXFileReference; lastKnownFileType = folder.assetcatalog; path = Assets.xcassets; sourceTree = "<group>"; };
		601DC1C5231D922400004C4B /* Base */ = {isa = PBXFileReference; lastKnownFileType = file.storyboard; name = Base; path = Base.lproj/LaunchScreen.storyboard; sourceTree = "<group>"; };
		601DC1C7231D922400004C4B /* Info.plist */ = {isa = PBXFileReference; lastKnownFileType = text.plist.xml; path = Info.plist; sourceTree = "<group>"; };
		601DC1CC231D922500004C4B /* WomanLikeMETests.xctest */ = {isa = PBXFileReference; explicitFileType = wrapper.cfbundle; includeInIndex = 0; path = WomanLikeMETests.xctest; sourceTree = BUILT_PRODUCTS_DIR; };
		601DC1D0231D922500004C4B /* WomanLikeMETests.swift */ = {isa = PBXFileReference; lastKnownFileType = sourcecode.swift; path = WomanLikeMETests.swift; sourceTree = "<group>"; };
		601DC1D2231D922500004C4B /* Info.plist */ = {isa = PBXFileReference; lastKnownFileType = text.plist.xml; path = Info.plist; sourceTree = "<group>"; };
		601DC1D7231D922500004C4B /* WomanLikeMEUITests.xctest */ = {isa = PBXFileReference; explicitFileType = wrapper.cfbundle; includeInIndex = 0; path = WomanLikeMEUITests.xctest; sourceTree = BUILT_PRODUCTS_DIR; };
		601DC1DB231D922500004C4B /* WomanLikeMEUITests.swift */ = {isa = PBXFileReference; lastKnownFileType = sourcecode.swift; path = WomanLikeMEUITests.swift; sourceTree = "<group>"; };
		601DC1DD231D922500004C4B /* Info.plist */ = {isa = PBXFileReference; lastKnownFileType = text.plist.xml; path = Info.plist; sourceTree = "<group>"; };
		601DC1E9231D927E00004C4B /* File */ = {isa = PBXFileReference; lastKnownFileType = text; path = File; sourceTree = "<group>"; };
		606A6E03231ED29500109063 /* Woman.swift */ = {isa = PBXFileReference; lastKnownFileType = sourcecode.swift; path = Woman.swift; sourceTree = "<group>"; };
		606A6E06231ED74A00109063 /* HomeViewController.swift */ = {isa = PBXFileReference; lastKnownFileType = sourcecode.swift; path = HomeViewController.swift; sourceTree = "<group>"; };
		606A6E09231EDCAE00109063 /* User.swift */ = {isa = PBXFileReference; lastKnownFileType = sourcecode.swift; path = User.swift; sourceTree = "<group>"; };
		606A6E0F231EF4E400109063 /* MainPresenter.swift */ = {isa = PBXFileReference; lastKnownFileType = sourcecode.swift; path = MainPresenter.swift; sourceTree = "<group>"; };
		606A6E13231EFD7500109063 /* HomeViewProtocol.swift */ = {isa = PBXFileReference; lastKnownFileType = sourcecode.swift; path = HomeViewProtocol.swift; sourceTree = "<group>"; };
		654D739D52CCFCEFB91012B5 /* Pods-WomanLikeMEUITests.debug.xcconfig */ = {isa = PBXFileReference; includeInIndex = 1; lastKnownFileType = text.xcconfig; name = "Pods-WomanLikeMEUITests.debug.xcconfig"; path = "Target Support Files/Pods-WomanLikeMEUITests/Pods-WomanLikeMEUITests.debug.xcconfig"; sourceTree = "<group>"; };
		688E315023203D2F00D9B581 /* ReadingPList.swift */ = {isa = PBXFileReference; lastKnownFileType = sourcecode.swift; path = ReadingPList.swift; sourceTree = "<group>"; };
		68C02C57232027D700396391 /* WomanLikeME.plist */ = {isa = PBXFileReference; lastKnownFileType = text.plist.xml; path = WomanLikeME.plist; sourceTree = "<group>"; };
		6A17436102C0820A823ECCB3 /* Pods_WomanLikeME.framework */ = {isa = PBXFileReference; explicitFileType = wrapper.framework; includeInIndex = 0; path = Pods_WomanLikeME.framework; sourceTree = BUILT_PRODUCTS_DIR; };
		6C99CF0CEA531D6DBA945A1F /* Pods-WomanLikeME.debug.xcconfig */ = {isa = PBXFileReference; includeInIndex = 1; lastKnownFileType = text.xcconfig; name = "Pods-WomanLikeME.debug.xcconfig"; path = "Target Support Files/Pods-WomanLikeME/Pods-WomanLikeME.debug.xcconfig"; sourceTree = "<group>"; };
		8D3159E0873D167260A9DD3E /* Pods-WomanLikeMEUITests.release.xcconfig */ = {isa = PBXFileReference; includeInIndex = 1; lastKnownFileType = text.xcconfig; name = "Pods-WomanLikeMEUITests.release.xcconfig"; path = "Target Support Files/Pods-WomanLikeMEUITests/Pods-WomanLikeMEUITests.release.xcconfig"; sourceTree = "<group>"; };
		A605E70D806AE5149D5DA5EA /* Pods-WomanLikeME.release.xcconfig */ = {isa = PBXFileReference; includeInIndex = 1; lastKnownFileType = text.xcconfig; name = "Pods-WomanLikeME.release.xcconfig"; path = "Target Support Files/Pods-WomanLikeME/Pods-WomanLikeME.release.xcconfig"; sourceTree = "<group>"; };
		C69241AC0D6DBBFF7B6B36E8 /* Pods_WomanLikeMETests.framework */ = {isa = PBXFileReference; explicitFileType = wrapper.framework; includeInIndex = 0; path = Pods_WomanLikeMETests.framework; sourceTree = BUILT_PRODUCTS_DIR; };
		C9402622878ADCA0233B3E75 /* Pods-WomanLikeMETests.debug.xcconfig */ = {isa = PBXFileReference; includeInIndex = 1; lastKnownFileType = text.xcconfig; name = "Pods-WomanLikeMETests.debug.xcconfig"; path = "Target Support Files/Pods-WomanLikeMETests/Pods-WomanLikeMETests.debug.xcconfig"; sourceTree = "<group>"; };
/* End PBXFileReference section */

/* Begin PBXFrameworksBuildPhase section */
		601DC1B2231D922300004C4B /* Frameworks */ = {
			isa = PBXFrameworksBuildPhase;
			buildActionMask = 2147483647;
			files = (
				8707E0E322F6D682D25D9656 /* Pods_WomanLikeME.framework in Frameworks */,
			);
			runOnlyForDeploymentPostprocessing = 0;
		};
		601DC1C9231D922500004C4B /* Frameworks */ = {
			isa = PBXFrameworksBuildPhase;
			buildActionMask = 2147483647;
			files = (
				7415A6472175269B9FC0D9F2 /* Pods_WomanLikeMETests.framework in Frameworks */,
			);
			runOnlyForDeploymentPostprocessing = 0;
		};
		601DC1D4231D922500004C4B /* Frameworks */ = {
			isa = PBXFrameworksBuildPhase;
			buildActionMask = 2147483647;
			files = (
				DF024B2FDF231C9F060F08B2 /* Pods_WomanLikeMEUITests.framework in Frameworks */,
			);
			runOnlyForDeploymentPostprocessing = 0;
		};
/* End PBXFrameworksBuildPhase section */

/* Begin PBXGroup section */
		3B01009AC484E850099575BD /* Pods */ = {
			isa = PBXGroup;
			children = (
				6C99CF0CEA531D6DBA945A1F /* Pods-WomanLikeME.debug.xcconfig */,
				A605E70D806AE5149D5DA5EA /* Pods-WomanLikeME.release.xcconfig */,
				C9402622878ADCA0233B3E75 /* Pods-WomanLikeMETests.debug.xcconfig */,
				0BBA84418C3B27FB4F3539BD /* Pods-WomanLikeMETests.release.xcconfig */,
				654D739D52CCFCEFB91012B5 /* Pods-WomanLikeMEUITests.debug.xcconfig */,
				8D3159E0873D167260A9DD3E /* Pods-WomanLikeMEUITests.release.xcconfig */,
			);
			path = Pods;
			sourceTree = "<group>";
		};
		601DC1AC231D922300004C4B = {
			isa = PBXGroup;
			children = (
				601DC1B7231D922300004C4B /* WomanLikeME */,
				601DC1CF231D922500004C4B /* WomanLikeMETests */,
				601DC1DA231D922500004C4B /* WomanLikeMEUITests */,
				601DC1B6231D922300004C4B /* Products */,
				3B01009AC484E850099575BD /* Pods */,
				C19236383BEC3FB8CDD00A32 /* Frameworks */,
			);
			sourceTree = "<group>";
		};
		601DC1B6231D922300004C4B /* Products */ = {
			isa = PBXGroup;
			children = (
				601DC1B5231D922300004C4B /* WomanLikeME.app */,
				601DC1CC231D922500004C4B /* WomanLikeMETests.xctest */,
				601DC1D7231D922500004C4B /* WomanLikeMEUITests.xctest */,
			);
			name = Products;
			sourceTree = "<group>";
		};
		601DC1B7231D922300004C4B /* WomanLikeME */ = {
			isa = PBXGroup;
			children = (
				601DC1C7231D922400004C4B /* Info.plist */,
				601DC1C2231D922400004C4B /* Assets.xcassets */,
				601DC1EE231DAAD500004C4B /* Suport */,
				606A6E12231EFC8C00109063 /* Protocol */,
				601DC1ED231DAAC100004C4B /* Model */,
				601DC1EC231DAAB200004C4B /* Presenter */,
				601DC1EB231DAA9C00004C4B /* View */,
			);
			path = WomanLikeME;
			sourceTree = "<group>";
		};
		601DC1CF231D922500004C4B /* WomanLikeMETests */ = {
			isa = PBXGroup;
			children = (
				601DC1D0231D922500004C4B /* WomanLikeMETests.swift */,
				601DC1D2231D922500004C4B /* Info.plist */,
			);
			path = WomanLikeMETests;
			sourceTree = "<group>";
		};
		601DC1DA231D922500004C4B /* WomanLikeMEUITests */ = {
			isa = PBXGroup;
			children = (
				601DC1DB231D922500004C4B /* WomanLikeMEUITests.swift */,
				601DC1DD231D922500004C4B /* Info.plist */,
				601DC1E9231D927E00004C4B /* File */,
			);
			path = WomanLikeMEUITests;
			sourceTree = "<group>";
		};
		601DC1EB231DAA9C00004C4B /* View */ = {
			isa = PBXGroup;
			children = (
				601DC1C4231D922400004C4B /* LaunchScreen.storyboard */,
				601DC1BA231D922300004C4B /* ViewController.swift */,
				606A6E06231ED74A00109063 /* HomeViewController.swift */,
				601DC1BC231D922300004C4B /* Main.storyboard */,
			);
			path = View;
			sourceTree = "<group>";
		};
		601DC1EC231DAAB200004C4B /* Presenter */ = {
			isa = PBXGroup;
			children = (
				606A6E0F231EF4E400109063 /* MainPresenter.swift */,
			);
			path = Presenter;
			sourceTree = "<group>";
		};
		601DC1ED231DAAC100004C4B /* Model */ = {
			isa = PBXGroup;
			children = (
				606A6E03231ED29500109063 /* Woman.swift */,
				606A6E09231EDCAE00109063 /* User.swift */,
			);
			path = Model;
			sourceTree = "<group>";
		};
		601DC1EE231DAAD500004C4B /* Suport */ = {
			isa = PBXGroup;
			children = (
				601DC1B8231D922300004C4B /* AppDelegate.swift */,
				601DC1BF231D922300004C4B /* WomanLikeME.xcdatamodeld */,
				68C02C57232027D700396391 /* WomanLikeME.plist */,
				688E315023203D2F00D9B581 /* ReadingPList.swift */,
			);
			path = Suport;
			sourceTree = "<group>";
		};
		606A6E12231EFC8C00109063 /* Protocol */ = {
			isa = PBXGroup;
			children = (
				606A6E13231EFD7500109063 /* HomeViewProtocol.swift */,
			);
			path = Protocol;
			sourceTree = "<group>";
		};
		C19236383BEC3FB8CDD00A32 /* Frameworks */ = {
			isa = PBXGroup;
			children = (
				6A17436102C0820A823ECCB3 /* Pods_WomanLikeME.framework */,
				C69241AC0D6DBBFF7B6B36E8 /* Pods_WomanLikeMETests.framework */,
				2A8C1C80B1F820CDBEAD04D3 /* Pods_WomanLikeMEUITests.framework */,
			);
			name = Frameworks;
			sourceTree = "<group>";
		};
/* End PBXGroup section */

/* Begin PBXNativeTarget section */
		601DC1B4231D922300004C4B /* WomanLikeME */ = {
			isa = PBXNativeTarget;
			buildConfigurationList = 601DC1E0231D922500004C4B /* Build configuration list for PBXNativeTarget "WomanLikeME" */;
			buildPhases = (
				6AAD01AF0D3A53B073896792 /* [CP] Check Pods Manifest.lock */,
				601DC1B1231D922300004C4B /* Sources */,
				601DC1B2231D922300004C4B /* Frameworks */,
				601DC1B3231D922300004C4B /* Resources */,
			);
			buildRules = (
			);
			dependencies = (
			);
			name = WomanLikeME;
			productName = WomanLikeME;
			productReference = 601DC1B5231D922300004C4B /* WomanLikeME.app */;
			productType = "com.apple.product-type.application";
		};
		601DC1CB231D922500004C4B /* WomanLikeMETests */ = {
			isa = PBXNativeTarget;
			buildConfigurationList = 601DC1E3231D922500004C4B /* Build configuration list for PBXNativeTarget "WomanLikeMETests" */;
			buildPhases = (
				DDA36EA170B585BC327A813A /* [CP] Check Pods Manifest.lock */,
				601DC1C8231D922500004C4B /* Sources */,
				601DC1C9231D922500004C4B /* Frameworks */,
				601DC1CA231D922500004C4B /* Resources */,
				1DFE63B42B5C3C2A16D03873 /* [CP] Embed Pods Frameworks */,
			);
			buildRules = (
			);
			dependencies = (
				601DC1CE231D922500004C4B /* PBXTargetDependency */,
			);
			name = WomanLikeMETests;
			productName = WomanLikeMETests;
			productReference = 601DC1CC231D922500004C4B /* WomanLikeMETests.xctest */;
			productType = "com.apple.product-type.bundle.unit-test";
		};
		601DC1D6231D922500004C4B /* WomanLikeMEUITests */ = {
			isa = PBXNativeTarget;
			buildConfigurationList = 601DC1E6231D922500004C4B /* Build configuration list for PBXNativeTarget "WomanLikeMEUITests" */;
			buildPhases = (
				18D3996563F41CE43DC86EED /* [CP] Check Pods Manifest.lock */,
				601DC1D3231D922500004C4B /* Sources */,
				601DC1D4231D922500004C4B /* Frameworks */,
				601DC1D5231D922500004C4B /* Resources */,
				87B3498F8F6F12DE4B2EF61C /* [CP] Embed Pods Frameworks */,
			);
			buildRules = (
			);
			dependencies = (
				601DC1D9231D922500004C4B /* PBXTargetDependency */,
			);
			name = WomanLikeMEUITests;
			productName = WomanLikeMEUITests;
			productReference = 601DC1D7231D922500004C4B /* WomanLikeMEUITests.xctest */;
			productType = "com.apple.product-type.bundle.ui-testing";
		};
/* End PBXNativeTarget section */

/* Begin PBXProject section */
		601DC1AD231D922300004C4B /* Project object */ = {
			isa = PBXProject;
			attributes = {
				LastSwiftUpdateCheck = 1030;
				LastUpgradeCheck = 1030;
				ORGANIZATIONNAME = "Maria Eduarda Casanova Nascimento";
				TargetAttributes = {
					601DC1B4231D922300004C4B = {
						CreatedOnToolsVersion = 10.3;
					};
					601DC1CB231D922500004C4B = {
						CreatedOnToolsVersion = 10.3;
						TestTargetID = 601DC1B4231D922300004C4B;
					};
					601DC1D6231D922500004C4B = {
						CreatedOnToolsVersion = 10.3;
						TestTargetID = 601DC1B4231D922300004C4B;
					};
				};
			};
			buildConfigurationList = 601DC1B0231D922300004C4B /* Build configuration list for PBXProject "WomanLikeME" */;
			compatibilityVersion = "Xcode 9.3";
			developmentRegion = en;
			hasScannedForEncodings = 0;
			knownRegions = (
				en,
				Base,
			);
			mainGroup = 601DC1AC231D922300004C4B;
			productRefGroup = 601DC1B6231D922300004C4B /* Products */;
			projectDirPath = "";
			projectRoot = "";
			targets = (
				601DC1B4231D922300004C4B /* WomanLikeME */,
				601DC1CB231D922500004C4B /* WomanLikeMETests */,
				601DC1D6231D922500004C4B /* WomanLikeMEUITests */,
			);
		};
/* End PBXProject section */

/* Begin PBXResourcesBuildPhase section */
		601DC1B3231D922300004C4B /* Resources */ = {
			isa = PBXResourcesBuildPhase;
			buildActionMask = 2147483647;
			files = (
				68C02C58232027D700396391 /* WomanLikeME.plist in Resources */,
				601DC1C6231D922400004C4B /* LaunchScreen.storyboard in Resources */,
				601DC1C3231D922400004C4B /* Assets.xcassets in Resources */,
				601DC1BE231D922300004C4B /* Main.storyboard in Resources */,
			);
			runOnlyForDeploymentPostprocessing = 0;
		};
		601DC1CA231D922500004C4B /* Resources */ = {
			isa = PBXResourcesBuildPhase;
			buildActionMask = 2147483647;
			files = (
			);
			runOnlyForDeploymentPostprocessing = 0;
		};
		601DC1D5231D922500004C4B /* Resources */ = {
			isa = PBXResourcesBuildPhase;
			buildActionMask = 2147483647;
			files = (
				601DC1EA231D927E00004C4B /* File in Resources */,
			);
			runOnlyForDeploymentPostprocessing = 0;
		};
/* End PBXResourcesBuildPhase section */

/* Begin PBXShellScriptBuildPhase section */
		18D3996563F41CE43DC86EED /* [CP] Check Pods Manifest.lock */ = {
			isa = PBXShellScriptBuildPhase;
			buildActionMask = 2147483647;
			files = (
			);
			inputFileListPaths = (
			);
			inputPaths = (
				"${PODS_PODFILE_DIR_PATH}/Podfile.lock",
				"${PODS_ROOT}/Manifest.lock",
			);
			name = "[CP] Check Pods Manifest.lock";
			outputFileListPaths = (
			);
			outputPaths = (
				"$(DERIVED_FILE_DIR)/Pods-WomanLikeMEUITests-checkManifestLockResult.txt",
			);
			runOnlyForDeploymentPostprocessing = 0;
			shellPath = /bin/sh;
			shellScript = "diff \"${PODS_PODFILE_DIR_PATH}/Podfile.lock\" \"${PODS_ROOT}/Manifest.lock\" > /dev/null\nif [ $? != 0 ] ; then\n    # print error to STDERR\n    echo \"error: The sandbox is not in sync with the Podfile.lock. Run 'pod install' or update your CocoaPods installation.\" >&2\n    exit 1\nfi\n# This output is used by Xcode 'outputs' to avoid re-running this script phase.\necho \"SUCCESS\" > \"${SCRIPT_OUTPUT_FILE_0}\"\n";
			showEnvVarsInLog = 0;
		};
		1DFE63B42B5C3C2A16D03873 /* [CP] Embed Pods Frameworks */ = {
			isa = PBXShellScriptBuildPhase;
			buildActionMask = 2147483647;
			files = (
			);
			inputFileListPaths = (
				"${PODS_ROOT}/Target Support Files/Pods-WomanLikeMETests/Pods-WomanLikeMETests-frameworks-${CONFIGURATION}-input-files.xcfilelist",
			);
			name = "[CP] Embed Pods Frameworks";
			outputFileListPaths = (
				"${PODS_ROOT}/Target Support Files/Pods-WomanLikeMETests/Pods-WomanLikeMETests-frameworks-${CONFIGURATION}-output-files.xcfilelist",
			);
			runOnlyForDeploymentPostprocessing = 0;
			shellPath = /bin/sh;
			shellScript = "\"${PODS_ROOT}/Target Support Files/Pods-WomanLikeMETests/Pods-WomanLikeMETests-frameworks.sh\"\n";
			showEnvVarsInLog = 0;
		};
		6AAD01AF0D3A53B073896792 /* [CP] Check Pods Manifest.lock */ = {
			isa = PBXShellScriptBuildPhase;
			buildActionMask = 2147483647;
			files = (
			);
			inputFileListPaths = (
			);
			inputPaths = (
				"${PODS_PODFILE_DIR_PATH}/Podfile.lock",
				"${PODS_ROOT}/Manifest.lock",
			);
			name = "[CP] Check Pods Manifest.lock";
			outputFileListPaths = (
			);
			outputPaths = (
				"$(DERIVED_FILE_DIR)/Pods-WomanLikeME-checkManifestLockResult.txt",
			);
			runOnlyForDeploymentPostprocessing = 0;
			shellPath = /bin/sh;
			shellScript = "diff \"${PODS_PODFILE_DIR_PATH}/Podfile.lock\" \"${PODS_ROOT}/Manifest.lock\" > /dev/null\nif [ $? != 0 ] ; then\n    # print error to STDERR\n    echo \"error: The sandbox is not in sync with the Podfile.lock. Run 'pod install' or update your CocoaPods installation.\" >&2\n    exit 1\nfi\n# This output is used by Xcode 'outputs' to avoid re-running this script phase.\necho \"SUCCESS\" > \"${SCRIPT_OUTPUT_FILE_0}\"\n";
			showEnvVarsInLog = 0;
		};
		87B3498F8F6F12DE4B2EF61C /* [CP] Embed Pods Frameworks */ = {
			isa = PBXShellScriptBuildPhase;
			buildActionMask = 2147483647;
			files = (
			);
			inputFileListPaths = (
				"${PODS_ROOT}/Target Support Files/Pods-WomanLikeMEUITests/Pods-WomanLikeMEUITests-frameworks-${CONFIGURATION}-input-files.xcfilelist",
			);
			name = "[CP] Embed Pods Frameworks";
			outputFileListPaths = (
				"${PODS_ROOT}/Target Support Files/Pods-WomanLikeMEUITests/Pods-WomanLikeMEUITests-frameworks-${CONFIGURATION}-output-files.xcfilelist",
			);
			runOnlyForDeploymentPostprocessing = 0;
			shellPath = /bin/sh;
			shellScript = "\"${PODS_ROOT}/Target Support Files/Pods-WomanLikeMEUITests/Pods-WomanLikeMEUITests-frameworks.sh\"\n";
			showEnvVarsInLog = 0;
		};
		DDA36EA170B585BC327A813A /* [CP] Check Pods Manifest.lock */ = {
			isa = PBXShellScriptBuildPhase;
			buildActionMask = 2147483647;
			files = (
			);
			inputFileListPaths = (
			);
			inputPaths = (
				"${PODS_PODFILE_DIR_PATH}/Podfile.lock",
				"${PODS_ROOT}/Manifest.lock",
			);
			name = "[CP] Check Pods Manifest.lock";
			outputFileListPaths = (
			);
			outputPaths = (
				"$(DERIVED_FILE_DIR)/Pods-WomanLikeMETests-checkManifestLockResult.txt",
			);
			runOnlyForDeploymentPostprocessing = 0;
			shellPath = /bin/sh;
			shellScript = "diff \"${PODS_PODFILE_DIR_PATH}/Podfile.lock\" \"${PODS_ROOT}/Manifest.lock\" > /dev/null\nif [ $? != 0 ] ; then\n    # print error to STDERR\n    echo \"error: The sandbox is not in sync with the Podfile.lock. Run 'pod install' or update your CocoaPods installation.\" >&2\n    exit 1\nfi\n# This output is used by Xcode 'outputs' to avoid re-running this script phase.\necho \"SUCCESS\" > \"${SCRIPT_OUTPUT_FILE_0}\"\n";
			showEnvVarsInLog = 0;
		};
/* End PBXShellScriptBuildPhase section */

/* Begin PBXSourcesBuildPhase section */
		601DC1B1231D922300004C4B /* Sources */ = {
			isa = PBXSourcesBuildPhase;
			buildActionMask = 2147483647;
			files = (
				606A6E07231ED74A00109063 /* HomeViewController.swift in Sources */,
				606A6E04231ED29500109063 /* Woman.swift in Sources */,
				606A6E0A231EDCAE00109063 /* User.swift in Sources */,
				601DC1BB231D922300004C4B /* ViewController.swift in Sources */,
				688E315123203D2F00D9B581 /* ReadingPList.swift in Sources */,
				601DC1B9231D922300004C4B /* AppDelegate.swift in Sources */,
				606A6E10231EF4E400109063 /* MainPresenter.swift in Sources */,
				601DC1C1231D922300004C4B /* WomanLikeME.xcdatamodeld in Sources */,
				606A6E14231EFD7500109063 /* HomeViewProtocol.swift in Sources */,
			);
			runOnlyForDeploymentPostprocessing = 0;
		};
		601DC1C8231D922500004C4B /* Sources */ = {
			isa = PBXSourcesBuildPhase;
			buildActionMask = 2147483647;
			files = (
				606A6E11231EF4E400109063 /* MainPresenter.swift in Sources */,
				606A6E15231EFD7500109063 /* HomeViewProtocol.swift in Sources */,
				606A6E0B231EDCAE00109063 /* User.swift in Sources */,
				606A6E05231ED29500109063 /* Woman.swift in Sources */,
				601DC1D1231D922500004C4B /* WomanLikeMETests.swift in Sources */,
				606A6E08231ED74A00109063 /* HomeViewController.swift in Sources */,
			);
			runOnlyForDeploymentPostprocessing = 0;
		};
		601DC1D3231D922500004C4B /* Sources */ = {
			isa = PBXSourcesBuildPhase;
			buildActionMask = 2147483647;
			files = (
				601DC1DC231D922500004C4B /* WomanLikeMEUITests.swift in Sources */,
			);
			runOnlyForDeploymentPostprocessing = 0;
		};
/* End PBXSourcesBuildPhase section */

/* Begin PBXTargetDependency section */
		601DC1CE231D922500004C4B /* PBXTargetDependency */ = {
			isa = PBXTargetDependency;
			target = 601DC1B4231D922300004C4B /* WomanLikeME */;
			targetProxy = 601DC1CD231D922500004C4B /* PBXContainerItemProxy */;
		};
		601DC1D9231D922500004C4B /* PBXTargetDependency */ = {
			isa = PBXTargetDependency;
			target = 601DC1B4231D922300004C4B /* WomanLikeME */;
			targetProxy = 601DC1D8231D922500004C4B /* PBXContainerItemProxy */;
		};
/* End PBXTargetDependency section */

/* Begin PBXVariantGroup section */
		601DC1BC231D922300004C4B /* Main.storyboard */ = {
			isa = PBXVariantGroup;
			children = (
				601DC1BD231D922300004C4B /* Base */,
			);
			name = Main.storyboard;
			sourceTree = "<group>";
		};
		601DC1C4231D922400004C4B /* LaunchScreen.storyboard */ = {
			isa = PBXVariantGroup;
			children = (
				601DC1C5231D922400004C4B /* Base */,
			);
			name = LaunchScreen.storyboard;
			sourceTree = "<group>";
		};
/* End PBXVariantGroup section */

/* Begin XCBuildConfiguration section */
		601DC1DE231D922500004C4B /* Debug */ = {
			isa = XCBuildConfiguration;
			buildSettings = {
				ALWAYS_SEARCH_USER_PATHS = NO;
				CLANG_ANALYZER_NONNULL = YES;
				CLANG_ANALYZER_NUMBER_OBJECT_CONVERSION = YES_AGGRESSIVE;
				CLANG_CXX_LANGUAGE_STANDARD = "gnu++14";
				CLANG_CXX_LIBRARY = "libc++";
				CLANG_ENABLE_MODULES = YES;
				CLANG_ENABLE_OBJC_ARC = YES;
				CLANG_ENABLE_OBJC_WEAK = YES;
				CLANG_WARN_BLOCK_CAPTURE_AUTORELEASING = YES;
				CLANG_WARN_BOOL_CONVERSION = YES;
				CLANG_WARN_COMMA = YES;
				CLANG_WARN_CONSTANT_CONVERSION = YES;
				CLANG_WARN_DEPRECATED_OBJC_IMPLEMENTATIONS = YES;
				CLANG_WARN_DIRECT_OBJC_ISA_USAGE = YES_ERROR;
				CLANG_WARN_DOCUMENTATION_COMMENTS = YES;
				CLANG_WARN_EMPTY_BODY = YES;
				CLANG_WARN_ENUM_CONVERSION = YES;
				CLANG_WARN_INFINITE_RECURSION = YES;
				CLANG_WARN_INT_CONVERSION = YES;
				CLANG_WARN_NON_LITERAL_NULL_CONVERSION = YES;
				CLANG_WARN_OBJC_IMPLICIT_RETAIN_SELF = YES;
				CLANG_WARN_OBJC_LITERAL_CONVERSION = YES;
				CLANG_WARN_OBJC_ROOT_CLASS = YES_ERROR;
				CLANG_WARN_RANGE_LOOP_ANALYSIS = YES;
				CLANG_WARN_STRICT_PROTOTYPES = YES;
				CLANG_WARN_SUSPICIOUS_MOVE = YES;
				CLANG_WARN_UNGUARDED_AVAILABILITY = YES_AGGRESSIVE;
				CLANG_WARN_UNREACHABLE_CODE = YES;
				CLANG_WARN__DUPLICATE_METHOD_MATCH = YES;
				CODE_SIGN_IDENTITY = "iPhone Developer";
				COPY_PHASE_STRIP = NO;
				DEBUG_INFORMATION_FORMAT = dwarf;
				ENABLE_STRICT_OBJC_MSGSEND = YES;
				ENABLE_TESTABILITY = YES;
				GCC_C_LANGUAGE_STANDARD = gnu11;
				GCC_DYNAMIC_NO_PIC = NO;
				GCC_NO_COMMON_BLOCKS = YES;
				GCC_OPTIMIZATION_LEVEL = 0;
				GCC_PREPROCESSOR_DEFINITIONS = (
					"DEBUG=1",
					"$(inherited)",
				);
				GCC_WARN_64_TO_32_BIT_CONVERSION = YES;
				GCC_WARN_ABOUT_RETURN_TYPE = YES_ERROR;
				GCC_WARN_UNDECLARED_SELECTOR = YES;
				GCC_WARN_UNINITIALIZED_AUTOS = YES_AGGRESSIVE;
				GCC_WARN_UNUSED_FUNCTION = YES;
				GCC_WARN_UNUSED_VARIABLE = YES;
				IPHONEOS_DEPLOYMENT_TARGET = 12.4;
				MTL_ENABLE_DEBUG_INFO = INCLUDE_SOURCE;
				MTL_FAST_MATH = YES;
				ONLY_ACTIVE_ARCH = YES;
				SDKROOT = iphoneos;
				SWIFT_ACTIVE_COMPILATION_CONDITIONS = DEBUG;
				SWIFT_OPTIMIZATION_LEVEL = "-Onone";
			};
			name = Debug;
		};
		601DC1DF231D922500004C4B /* Release */ = {
			isa = XCBuildConfiguration;
			buildSettings = {
				ALWAYS_SEARCH_USER_PATHS = NO;
				CLANG_ANALYZER_NONNULL = YES;
				CLANG_ANALYZER_NUMBER_OBJECT_CONVERSION = YES_AGGRESSIVE;
				CLANG_CXX_LANGUAGE_STANDARD = "gnu++14";
				CLANG_CXX_LIBRARY = "libc++";
				CLANG_ENABLE_MODULES = YES;
				CLANG_ENABLE_OBJC_ARC = YES;
				CLANG_ENABLE_OBJC_WEAK = YES;
				CLANG_WARN_BLOCK_CAPTURE_AUTORELEASING = YES;
				CLANG_WARN_BOOL_CONVERSION = YES;
				CLANG_WARN_COMMA = YES;
				CLANG_WARN_CONSTANT_CONVERSION = YES;
				CLANG_WARN_DEPRECATED_OBJC_IMPLEMENTATIONS = YES;
				CLANG_WARN_DIRECT_OBJC_ISA_USAGE = YES_ERROR;
				CLANG_WARN_DOCUMENTATION_COMMENTS = YES;
				CLANG_WARN_EMPTY_BODY = YES;
				CLANG_WARN_ENUM_CONVERSION = YES;
				CLANG_WARN_INFINITE_RECURSION = YES;
				CLANG_WARN_INT_CONVERSION = YES;
				CLANG_WARN_NON_LITERAL_NULL_CONVERSION = YES;
				CLANG_WARN_OBJC_IMPLICIT_RETAIN_SELF = YES;
				CLANG_WARN_OBJC_LITERAL_CONVERSION = YES;
				CLANG_WARN_OBJC_ROOT_CLASS = YES_ERROR;
				CLANG_WARN_RANGE_LOOP_ANALYSIS = YES;
				CLANG_WARN_STRICT_PROTOTYPES = YES;
				CLANG_WARN_SUSPICIOUS_MOVE = YES;
				CLANG_WARN_UNGUARDED_AVAILABILITY = YES_AGGRESSIVE;
				CLANG_WARN_UNREACHABLE_CODE = YES;
				CLANG_WARN__DUPLICATE_METHOD_MATCH = YES;
				CODE_SIGN_IDENTITY = "iPhone Developer";
				COPY_PHASE_STRIP = NO;
				DEBUG_INFORMATION_FORMAT = "dwarf-with-dsym";
				ENABLE_NS_ASSERTIONS = NO;
				ENABLE_STRICT_OBJC_MSGSEND = YES;
				GCC_C_LANGUAGE_STANDARD = gnu11;
				GCC_NO_COMMON_BLOCKS = YES;
				GCC_WARN_64_TO_32_BIT_CONVERSION = YES;
				GCC_WARN_ABOUT_RETURN_TYPE = YES_ERROR;
				GCC_WARN_UNDECLARED_SELECTOR = YES;
				GCC_WARN_UNINITIALIZED_AUTOS = YES_AGGRESSIVE;
				GCC_WARN_UNUSED_FUNCTION = YES;
				GCC_WARN_UNUSED_VARIABLE = YES;
				IPHONEOS_DEPLOYMENT_TARGET = 12.4;
				MTL_ENABLE_DEBUG_INFO = NO;
				MTL_FAST_MATH = YES;
				SDKROOT = iphoneos;
				SWIFT_COMPILATION_MODE = wholemodule;
				SWIFT_OPTIMIZATION_LEVEL = "-O";
				VALIDATE_PRODUCT = YES;
			};
			name = Release;
		};
		601DC1E1231D922500004C4B /* Debug */ = {
			isa = XCBuildConfiguration;
			baseConfigurationReference = 6C99CF0CEA531D6DBA945A1F /* Pods-WomanLikeME.debug.xcconfig */;
			buildSettings = {
				ASSETCATALOG_COMPILER_APPICON_NAME = AppIcon;
				CODE_SIGN_STYLE = Automatic;
				DEVELOPMENT_TEAM = 784JV863X8;
				INFOPLIST_FILE = WomanLikeME/Info.plist;
				IPHONEOS_DEPLOYMENT_TARGET = 12.2;
				LD_RUNPATH_SEARCH_PATHS = (
					"$(inherited)",
					"@executable_path/Frameworks",
				);
				PRODUCT_BUNDLE_IDENTIFIER = Academy.WomanLikeME;
				PRODUCT_NAME = "$(TARGET_NAME)";
				SWIFT_VERSION = 5.0;
				TARGETED_DEVICE_FAMILY = "1,2";
			};
			name = Debug;
		};
		601DC1E2231D922500004C4B /* Release */ = {
			isa = XCBuildConfiguration;
			baseConfigurationReference = A605E70D806AE5149D5DA5EA /* Pods-WomanLikeME.release.xcconfig */;
			buildSettings = {
				ASSETCATALOG_COMPILER_APPICON_NAME = AppIcon;
				CODE_SIGN_STYLE = Automatic;
				DEVELOPMENT_TEAM = 784JV863X8;
				INFOPLIST_FILE = WomanLikeME/Info.plist;
				IPHONEOS_DEPLOYMENT_TARGET = 12.2;
				LD_RUNPATH_SEARCH_PATHS = (
					"$(inherited)",
					"@executable_path/Frameworks",
				);
				PRODUCT_BUNDLE_IDENTIFIER = Academy.WomanLikeME;
				PRODUCT_NAME = "$(TARGET_NAME)";
				SWIFT_VERSION = 5.0;
				TARGETED_DEVICE_FAMILY = "1,2";
			};
			name = Release;
		};
		601DC1E4231D922500004C4B /* Debug */ = {
			isa = XCBuildConfiguration;
			baseConfigurationReference = C9402622878ADCA0233B3E75 /* Pods-WomanLikeMETests.debug.xcconfig */;
			buildSettings = {
				ALWAYS_EMBED_SWIFT_STANDARD_LIBRARIES = YES;
				BUNDLE_LOADER = "$(TEST_HOST)";
				CODE_SIGN_STYLE = Automatic;
				DEVELOPMENT_TEAM = 784JV863X8;
				INFOPLIST_FILE = WomanLikeMETests/Info.plist;
				LD_RUNPATH_SEARCH_PATHS = (
					"$(inherited)",
					"@executable_path/Frameworks",
					"@loader_path/Frameworks",
				);
				PRODUCT_BUNDLE_IDENTIFIER = Academy.WomanLikeMETests;
				PRODUCT_NAME = "$(TARGET_NAME)";
				SWIFT_VERSION = 5.0;
				TARGETED_DEVICE_FAMILY = "1,2";
				TEST_HOST = "$(BUILT_PRODUCTS_DIR)/WomanLikeME.app/WomanLikeME";
			};
			name = Debug;
		};
		601DC1E5231D922500004C4B /* Release */ = {
			isa = XCBuildConfiguration;
			baseConfigurationReference = 0BBA84418C3B27FB4F3539BD /* Pods-WomanLikeMETests.release.xcconfig */;
			buildSettings = {
				ALWAYS_EMBED_SWIFT_STANDARD_LIBRARIES = YES;
				BUNDLE_LOADER = "$(TEST_HOST)";
				CODE_SIGN_STYLE = Automatic;
				DEVELOPMENT_TEAM = 784JV863X8;
				INFOPLIST_FILE = WomanLikeMETests/Info.plist;
				LD_RUNPATH_SEARCH_PATHS = (
					"$(inherited)",
					"@executable_path/Frameworks",
					"@loader_path/Frameworks",
				);
				PRODUCT_BUNDLE_IDENTIFIER = Academy.WomanLikeMETests;
				PRODUCT_NAME = "$(TARGET_NAME)";
				SWIFT_VERSION = 5.0;
				TARGETED_DEVICE_FAMILY = "1,2";
				TEST_HOST = "$(BUILT_PRODUCTS_DIR)/WomanLikeME.app/WomanLikeME";
			};
			name = Release;
		};
		601DC1E7231D922500004C4B /* Debug */ = {
			isa = XCBuildConfiguration;
			baseConfigurationReference = 654D739D52CCFCEFB91012B5 /* Pods-WomanLikeMEUITests.debug.xcconfig */;
			buildSettings = {
				ALWAYS_EMBED_SWIFT_STANDARD_LIBRARIES = YES;
				CODE_SIGN_STYLE = Automatic;
				DEVELOPMENT_TEAM = 784JV863X8;
				INFOPLIST_FILE = WomanLikeMEUITests/Info.plist;
				LD_RUNPATH_SEARCH_PATHS = (
					"$(inherited)",
					"@executable_path/Frameworks",
					"@loader_path/Frameworks",
				);
				PRODUCT_BUNDLE_IDENTIFIER = Academy.WomanLikeMEUITests;
				PRODUCT_NAME = "$(TARGET_NAME)";
				SWIFT_VERSION = 5.0;
				TARGETED_DEVICE_FAMILY = "1,2";
				TEST_TARGET_NAME = WomanLikeME;
			};
			name = Debug;
		};
		601DC1E8231D922500004C4B /* Release */ = {
			isa = XCBuildConfiguration;
			baseConfigurationReference = 8D3159E0873D167260A9DD3E /* Pods-WomanLikeMEUITests.release.xcconfig */;
			buildSettings = {
				ALWAYS_EMBED_SWIFT_STANDARD_LIBRARIES = YES;
				CODE_SIGN_STYLE = Automatic;
				DEVELOPMENT_TEAM = 784JV863X8;
				INFOPLIST_FILE = WomanLikeMEUITests/Info.plist;
				LD_RUNPATH_SEARCH_PATHS = (
					"$(inherited)",
					"@executable_path/Frameworks",
					"@loader_path/Frameworks",
				);
				PRODUCT_BUNDLE_IDENTIFIER = Academy.WomanLikeMEUITests;
				PRODUCT_NAME = "$(TARGET_NAME)";
				SWIFT_VERSION = 5.0;
				TARGETED_DEVICE_FAMILY = "1,2";
				TEST_TARGET_NAME = WomanLikeME;
			};
			name = Release;
		};
/* End XCBuildConfiguration section */

/* Begin XCConfigurationList section */
		601DC1B0231D922300004C4B /* Build configuration list for PBXProject "WomanLikeME" */ = {
			isa = XCConfigurationList;
			buildConfigurations = (
				601DC1DE231D922500004C4B /* Debug */,
				601DC1DF231D922500004C4B /* Release */,
			);
			defaultConfigurationIsVisible = 0;
			defaultConfigurationName = Release;
		};
		601DC1E0231D922500004C4B /* Build configuration list for PBXNativeTarget "WomanLikeME" */ = {
			isa = XCConfigurationList;
			buildConfigurations = (
				601DC1E1231D922500004C4B /* Debug */,
				601DC1E2231D922500004C4B /* Release */,
			);
			defaultConfigurationIsVisible = 0;
			defaultConfigurationName = Release;
		};
		601DC1E3231D922500004C4B /* Build configuration list for PBXNativeTarget "WomanLikeMETests" */ = {
			isa = XCConfigurationList;
			buildConfigurations = (
				601DC1E4231D922500004C4B /* Debug */,
				601DC1E5231D922500004C4B /* Release */,
			);
			defaultConfigurationIsVisible = 0;
			defaultConfigurationName = Release;
		};
		601DC1E6231D922500004C4B /* Build configuration list for PBXNativeTarget "WomanLikeMEUITests" */ = {
			isa = XCConfigurationList;
			buildConfigurations = (
				601DC1E7231D922500004C4B /* Debug */,
				601DC1E8231D922500004C4B /* Release */,
			);
			defaultConfigurationIsVisible = 0;
			defaultConfigurationName = Release;
		};
/* End XCConfigurationList section */

/* Begin XCVersionGroup section */
		601DC1BF231D922300004C4B /* WomanLikeME.xcdatamodeld */ = {
			isa = XCVersionGroup;
			children = (
				601DC1C0231D922300004C4B /* WomanLikeME.xcdatamodel */,
			);
			currentVersion = 601DC1C0231D922300004C4B /* WomanLikeME.xcdatamodel */;
			path = WomanLikeME.xcdatamodeld;
			sourceTree = "<group>";
			versionGroupType = wrapper.xcdatamodel;
		};
/* End XCVersionGroup section */
	};
	rootObject = 601DC1AD231D922300004C4B /* Project object */;
}
